
Microsoft Visual Studio Solution File, Format Version 12.00
# Visual Studio Version 17
VisualStudioVersion = 17.4.33110.190
MinimumVisualStudioVersion = 10.0.40219.1
Project("{2150E333-8FDC-42A3-9474-1A3956D46DE8}") = "Api", "Api", "{F6EC03EE-188A-4D5E-A070-5A83713DC43A}"
EndProject
Project("{2150E333-8FDC-42A3-9474-1A3956D46DE8}") = "Ui", "Ui", "{64697BAB-0ED9-423A-8A3C-0459F84BDC86}"
EndProject
Project("{2150E333-8FDC-42A3-9474-1A3956D46DE8}") = "Core", "Core", "{FEAA4246-0F0D-47EE-82AD-5DFAC235D385}"
EndProject
Project("{2150E333-8FDC-42A3-9474-1A3956D46DE8}") = "src", "src", "{40248625-4698-41C2-8F60-77165DE5EB35}"
EndProject
Project("{2150E333-8FDC-42A3-9474-1A3956D46DE8}") = "Infrostucture", "Infrostucture", "{38753C4C-DDCD-408E-AFFF-6BFC03433068}"
EndProject
Project("{9A19103F-16F7-4668-BE54-9A1E7A4F7556}") = "HR.LeaveManagement.Domain", "HR.LeaveManagement.Domain\HR.LeaveManagement.Domain.csproj", "{92F75238-4416-49DD-966D-AD922AAE24B7}"
EndProject
Project("{9A19103F-16F7-4668-BE54-9A1E7A4F7556}") = "HR.LeaveManagement.Application", "HR.LeaveManagement.Application\HR.LeaveManagement.Application.csproj", "{F65C7B97-9D3A-4927-B000-7314981BAC07}"
EndProject
Project("{9A19103F-16F7-4668-BE54-9A1E7A4F7556}") = "HR.LeaveManagement.Persistence", "HR.LeaveManagement.Persistence\HR.LeaveManagement.Persistence.csproj", "{6D0175FD-AA92-40EE-A5F2-11C4D043AB1D}"
EndProject
Project("{9A19103F-16F7-4668-BE54-9A1E7A4F7556}") = "HR.LeaveManagement.Infrastructure", "HR.LeaveManagement.Infrastructure\HR.LeaveManagement.Infrastructure.csproj", "{B66F31C8-22FA-4436-B395-30FCBD7F0BD0}"
EndProject
Project("{9A19103F-16F7-4668-BE54-9A1E7A4F7556}") = "HR.LeaveManagement.Api", "HR.LeaveManagement.Api\HR.LeaveManagement.Api.csproj", "{6B023390-9BC1-4D10-A9BD-2BDDD0BA56F3}"
EndProject
Project("{2150E333-8FDC-42A3-9474-1A3956D46DE8}") = "test", "test", "{7AC0066B-1214-4A94-81F6-D5EB1B79E612}"
EndProject
Project("{FAE04EC0-301F-11D3-BF4B-00C04F79EFBC}") = "HR.LeaveManagement.Application.UnitTests", "HR.LeaveManagement.Application.UnitTests\HR.LeaveManagement.Application.UnitTests.csproj", "{0E4E2A2A-B357-41B2-8507-B7D50F662564}"
EndProject
Global
	GlobalSection(SolutionConfigurationPlatforms) = preSolution
		Debug|Any CPU = Debug|Any CPU
		Release|Any CPU = Release|Any CPU
	EndGlobalSection
	GlobalSection(ProjectConfigurationPlatforms) = postSolution
		{92F75238-4416-49DD-966D-AD922AAE24B7}.Debug|Any CPU.ActiveCfg = Debug|Any CPU
		{92F75238-4416-49DD-966D-AD922AAE24B7}.Debug|Any CPU.Build.0 = Debug|Any CPU
		{92F75238-4416-49DD-966D-AD922AAE24B7}.Release|Any CPU.ActiveCfg = Release|Any CPU
		{92F75238-4416-49DD-966D-AD922AAE24B7}.Release|Any CPU.Build.0 = Release|Any CPU
		{F65C7B97-9D3A-4927-B000-7314981BAC07}.Debug|Any CPU.ActiveCfg = Debug|Any CPU
		{F65C7B97-9D3A-4927-B000-7314981BAC07}.Debug|Any CPU.Build.0 = Debug|Any CPU
		{F65C7B97-9D3A-4927-B000-7314981BAC07}.Release|Any CPU.ActiveCfg = Release|Any CPU
		{F65C7B97-9D3A-4927-B000-7314981BAC07}.Release|Any CPU.Build.0 = Release|Any CPU
		{6D0175FD-AA92-40EE-A5F2-11C4D043AB1D}.Debug|Any CPU.ActiveCfg = Debug|Any CPU
		{6D0175FD-AA92-40EE-A5F2-11C4D043AB1D}.Debug|Any CPU.Build.0 = Debug|Any CPU
		{6D0175FD-AA92-40EE-A5F2-11C4D043AB1D}.Release|Any CPU.ActiveCfg = Release|Any CPU
		{6D0175FD-AA92-40EE-A5F2-11C4D043AB1D}.Release|Any CPU.Build.0 = Release|Any CPU
		{B66F31C8-22FA-4436-B395-30FCBD7F0BD0}.Debug|Any CPU.ActiveCfg = Debug|Any CPU
		{B66F31C8-22FA-4436-B395-30FCBD7F0BD0}.Debug|Any CPU.Build.0 = Debug|Any CPU
		{B66F31C8-22FA-4436-B395-30FCBD7F0BD0}.Release|Any CPU.ActiveCfg = Release|Any CPU
		{B66F31C8-22FA-4436-B395-30FCBD7F0BD0}.Release|Any CPU.Build.0 = Release|Any CPU
		{6B023390-9BC1-4D10-A9BD-2BDDD0BA56F3}.Debug|Any CPU.ActiveCfg = Debug|Any CPU
		{6B023390-9BC1-4D10-A9BD-2BDDD0BA56F3}.Debug|Any CPU.Build.0 = Debug|Any CPU
		{6B023390-9BC1-4D10-A9BD-2BDDD0BA56F3}.Release|Any CPU.ActiveCfg = Release|Any CPU
		{6B023390-9BC1-4D10-A9BD-2BDDD0BA56F3}.Release|Any CPU.Build.0 = Release|Any CPU
		{0E4E2A2A-B357-41B2-8507-B7D50F662564}.Debug|Any CPU.ActiveCfg = Debug|Any CPU
		{0E4E2A2A-B357-41B2-8507-B7D50F662564}.Debug|Any CPU.Build.0 = Debug|Any CPU
		{0E4E2A2A-B357-41B2-8507-B7D50F662564}.Release|Any CPU.ActiveCfg = Release|Any CPU
		{0E4E2A2A-B357-41B2-8507-B7D50F662564}.Release|Any CPU.Build.0 = Release|Any CPU
	EndGlobalSection
	GlobalSection(SolutionProperties) = preSolution
		HideSolutionNode = FALSE
	EndGlobalSection
	GlobalSection(NestedProjects) = preSolution
		{F6EC03EE-188A-4D5E-A070-5A83713DC43A} = {40248625-4698-41C2-8F60-77165DE5EB35}
		{64697BAB-0ED9-423A-8A3C-0459F84BDC86} = {40248625-4698-41C2-8F60-77165DE5EB35}
		{FEAA4246-0F0D-47EE-82AD-5DFAC235D385} = {40248625-4698-41C2-8F60-77165DE5EB35}
		{38753C4C-DDCD-408E-AFFF-6BFC03433068} = {40248625-4698-41C2-8F60-77165DE5EB35}
		{92F75238-4416-49DD-966D-AD922AAE24B7} = {FEAA4246-0F0D-47EE-82AD-5DFAC235D385}
		{F65C7B97-9D3A-4927-B000-7314981BAC07} = {FEAA4246-0F0D-47EE-82AD-5DFAC235D385}
		{6D0175FD-AA92-40EE-A5F2-11C4D043AB1D} = {38753C4C-DDCD-408E-AFFF-6BFC03433068}
		{B66F31C8-22FA-4436-B395-30FCBD7F0BD0} = {38753C4C-DDCD-408E-AFFF-6BFC03433068}
		{6B023390-9BC1-4D10-A9BD-2BDDD0BA56F3} = {F6EC03EE-188A-4D5E-A070-5A83713DC43A}
		{0E4E2A2A-B357-41B2-8507-B7D50F662564} = {7AC0066B-1214-4A94-81F6-D5EB1B79E612}
	EndGlobalSection
	GlobalSection(ExtensibilityGlobals) = postSolution
		SolutionGuid = {1445E161-680E-4FB1-9E91-795AF42DAEA5}
	EndGlobalSection
EndGlobal
